github.com/siqiluo7/goModManager/testModule v0.0.0-20250331233251-4b472fd64c3f h1:NbJJ2HXBq6vsbr29dix1rlfytVsCPfLhbpFNNPgYH7w=
github.com/siqiluo7/goModManager/testModule v0.0.0-20250331233251-4b472fd64c3f/go.mod h1:G1Xjl6HIdHGn9NT9HdNHjwgFTUXXh5Btch/FX7fpD2k=
github.com/siqiluo7/goModManager/testModule v0.0.0-20250401201112-f94f833c8a1e h1:96TV9BBFX9RG8d0FcNcDc5wLGodTyx+ErT5HA2PLiag=
github.com/siqiluo7/goModManager/testModule v0.0.0-20250401201112-f94f833c8a1e/go.mod h1:G1Xjl6HIdHGn9NT9HdNHjwgFTUXXh5Btch/FX7fpD2k=
